{
  "nodes": {
    "home-manager": {
      "inputs": {
        "nixpkgs": [
          "nixpkgs"
        ]
      },
      "locked": {
        "lastModified": 1648917498,
        "narHash": "sha256-fdyVHsP6XeyCk9FRyjV6Wv+7qiOzWxykGXdNixadvyg=",
        "owner": "nix-community",
        "repo": "home-manager",
        "rev": "cfab869fcebc56710be6ec3aca76036b25c04a0d",
        "type": "github"
      },
      "original": {
        "owner": "nix-community",
        "ref": "master",
        "repo": "home-manager",
        "type": "github"
      }
    },
    "ls-colors": {
      "flake": false,
      "locked": {
        "lastModified": 1648880788,
        "narHash": "sha256-MVESURX3tNHxnFiLCJIlKOCLbXeoz4OBGzuoRZiurb8=",
        "owner": "trapd00r",
        "repo": "LS_COLORS",
        "rev": "52efc3b3df66fcc1ea19c8edeba769d5e42c7b97",
        "type": "github"
      },
      "original": {
        "owner": "trapd00r",
        "ref": "master",
        "repo": "LS_COLORS",
        "type": "github"
      }
    },
    "nixos-hardware": {
      "locked": {
        "lastModified": 1648141026,
        "narHash": "sha256-h8e3+5EZFbYHTMb0DN2ACuQTJBNHpqigvmEV1w2WIuE=",
        "owner": "NixOS",
        "repo": "nixos-hardware",
        "rev": "feceb4d24f582817d8f6e737cd40af9e162dee05",
        "type": "github"
      },
      "original": {
        "owner": "NixOS",
        "ref": "master",
        "repo": "nixos-hardware",
        "type": "github"
      }
    },
    "nixpkgs": {
      "locked": {
        "lastModified": 1648632716,
        "narHash": "sha256-kCmnDeiaMsdhfnNKjxdOzwRh2H6eQb8yWAL+nNabC/Y=",
        "owner": "NixOS",
        "repo": "nixpkgs",
        "rev": "710fed5a2483f945b14f4a58af2cd3676b42d8c8",
        "type": "github"
      },
      "original": {
        "owner": "NixOS",
        "ref": "nixos-unstable",
        "repo": "nixpkgs",
        "type": "github"
      }
    },
    "root": {
      "inputs": {
        "home-manager": "home-manager",
        "ls-colors": "ls-colors",
        "nixos-hardware": "nixos-hardware",
        "nixpkgs": "nixpkgs"
      }
    }
  },
  "root": "root",
  "version": 7
}
