{
  "nodes": {
    "home-manager": {
      "inputs": {
        "nixpkgs": [
          "nixpkgs"
        ]
      },
      "locked": {
        "lastModified": 1651262513,
        "narHash": "sha256-5iW1fevaAD0Rbtbgb4I++7fyaND3oarGs3mAjyadE0Y=",
        "owner": "nix-community",
        "repo": "home-manager",
        "rev": "f8b51be7149a0735e87b232d21ae4f852619eac7",
        "type": "github"
      },
      "original": {
        "owner": "nix-community",
        "ref": "master",
        "repo": "home-manager",
        "type": "github"
      }
    },
    "ls-colors": {
      "flake": false,
      "locked": {
        "lastModified": 1648880788,
        "narHash": "sha256-MVESURX3tNHxnFiLCJIlKOCLbXeoz4OBGzuoRZiurb8=",
        "owner": "trapd00r",
        "repo": "LS_COLORS",
        "rev": "52efc3b3df66fcc1ea19c8edeba769d5e42c7b97",
        "type": "github"
      },
      "original": {
        "owner": "trapd00r",
        "ref": "master",
        "repo": "LS_COLORS",
        "type": "github"
      }
    },
    "nixos-hardware": {
      "locked": {
        "lastModified": 1650522846,
        "narHash": "sha256-SxWHXRI3qJwswyXAtzsi6PKVY3KLNNnb072KaJthII8=",
        "owner": "NixOS",
        "repo": "nixos-hardware",
        "rev": "6b4ebea9093c997c5f275c820e679108de4871ab",
        "type": "github"
      },
      "original": {
        "owner": "NixOS",
        "ref": "master",
        "repo": "nixos-hardware",
        "type": "github"
      }
    },
    "nixpkgs": {
      "locked": {
        "lastModified": 1651007983,
        "narHash": "sha256-GNay7yDPtLcRcKCNHldug85AhAvBpTtPEJWSSDYBw8U=",
        "owner": "NixOS",
        "repo": "nixpkgs",
        "rev": "e10da1c7f542515b609f8dfbcf788f3d85b14936",
        "type": "github"
      },
      "original": {
        "owner": "NixOS",
        "ref": "nixos-unstable",
        "repo": "nixpkgs",
        "type": "github"
      }
    },
    "root": {
      "inputs": {
        "home-manager": "home-manager",
        "ls-colors": "ls-colors",
        "nixos-hardware": "nixos-hardware",
        "nixpkgs": "nixpkgs"
      }
    }
  },
  "root": "root",
  "version": 7
}
